
Microsoft Visual Studio Solution File, Format Version 12.00
# Visual Studio Version 17
VisualStudioVersion = 17.8.34316.72
MinimumVisualStudioVersion = 10.0.40219.1
Project("{FAE04EC0-301F-11D3-BF4B-00C04F79EFBC}") = "Prueba", "Prueba.csproj", "{309C6300-DADB-4E29-B61D-9EFD9E7A735E}"
EndProject
Global
	GlobalSection(SolutionConfigurationPlatforms) = preSolution
		Debug|Any CPU = Debug|Any CPU
		Release|Any CPU = Release|Any CPU
	EndGlobalSection
	GlobalSection(ProjectConfigurationPlatforms) = postSolution
		{309C6300-DADB-4E29-B61D-9EFD9E7A735E}.Debug|Any CPU.ActiveCfg = Debug|Any CPU
		{309C6300-DADB-4E29-B61D-9EFD9E7A735E}.Debug|Any CPU.Build.0 = Debug|Any CPU
		{309C6300-DADB-4E29-B61D-9EFD9E7A735E}.Release|Any CPU.ActiveCfg = Release|Any CPU
		{309C6300-DADB-4E29-B61D-9EFD9E7A735E}.Release|Any CPU.Build.0 = Release|Any CPU
	EndGlobalSection
	GlobalSection(SolutionProperties) = preSolution
		HideSolutionNode = FALSE
	EndGlobalSection
	GlobalSection(ExtensibilityGlobals) = postSolution
		SolutionGuid = {564B97B7-2245-452D-9E04-933E76FE4600}
	EndGlobalSection
EndGlobal
